// !$*UTF8*$!
{
	archiveVersion = 1;
	classes = {
	};
	objectVersion = 56;
	objects = {

/* Begin PBXBuildFile section */
		8101626729CBBF9600EE81EE /* ScavengeListViewController.swift in Sources */ = {isa = PBXBuildFile; fileRef = 8101626629CBBF9600EE81EE /* ScavengeListViewController.swift */; };
		8101626929CBDC0C00EE81EE /* ScavengeDetailViewController.swift in Sources */ = {isa = PBXBuildFile; fileRef = 8101626829CBDC0C00EE81EE /* ScavengeDetailViewController.swift */; };
		8101626D29CBF58A00EE81EE /* ScavengeAnnotationView.swift in Sources */ = {isa = PBXBuildFile; fileRef = 8101626C29CBF58A00EE81EE /* ScavengeAnnotationView.swift */; };
		8101627129CBF71700EE81EE /* ScavengeCell.swift in Sources */ = {isa = PBXBuildFile; fileRef = 8101627029CBF71700EE81EE /* ScavengeCell.swift */; };
		8158ACC329CB9449006558AB /* AppDelegate.swift in Sources */ = {isa = PBXBuildFile; fileRef = 8158ACC229CB9449006558AB /* AppDelegate.swift */; };
		8158ACC529CB9449006558AB /* SceneDelegate.swift in Sources */ = {isa = PBXBuildFile; fileRef = 8158ACC429CB9449006558AB /* SceneDelegate.swift */; };
		8158ACCA29CB9449006558AB /* Main.storyboard in Resources */ = {isa = PBXBuildFile; fileRef = 8158ACC829CB9449006558AB /* Main.storyboard */; };
		8158ACCC29CB944B006558AB /* Assets.xcassets in Resources */ = {isa = PBXBuildFile; fileRef = 8158ACCB29CB944B006558AB /* Assets.xcassets */; };
		8158ACCF29CB944B006558AB /* LaunchScreen.storyboard in Resources */ = {isa = PBXBuildFile; fileRef = 8158ACCD29CB944B006558AB /* LaunchScreen.storyboard */; };
		81E02C7529CB9A9C005F95AB /* Scavanges.swift in Sources */ = {isa = PBXBuildFile; fileRef = 81E02C7429CB9A9C005F95AB /* Scavanges.swift */; };
/* End PBXBuildFile section */

/* Begin PBXFileReference section */
		8101626629CBBF9600EE81EE /* ScavengeListViewController.swift */ = {isa = PBXFileReference; lastKnownFileType = sourcecode.swift; path = ScavengeListViewController.swift; sourceTree = "<group>"; };
		8101626829CBDC0C00EE81EE /* ScavengeDetailViewController.swift */ = {isa = PBXFileReference; lastKnownFileType = sourcecode.swift; path = ScavengeDetailViewController.swift; sourceTree = "<group>"; };
		8101626C29CBF58A00EE81EE /* ScavengeAnnotationView.swift */ = {isa = PBXFileReference; lastKnownFileType = sourcecode.swift; path = ScavengeAnnotationView.swift; sourceTree = "<group>"; };
		8101627029CBF71700EE81EE /* ScavengeCell.swift */ = {isa = PBXFileReference; lastKnownFileType = sourcecode.swift; path = ScavengeCell.swift; sourceTree = "<group>"; };
		8158ACBF29CB9449006558AB /* Photo Scavenger Hunt.app */ = {isa = PBXFileReference; explicitFileType = wrapper.application; includeInIndex = 0; path = "Photo Scavenger Hunt.app"; sourceTree = BUILT_PRODUCTS_DIR; };
		8158ACC229CB9449006558AB /* AppDelegate.swift */ = {isa = PBXFileReference; lastKnownFileType = sourcecode.swift; path = AppDelegate.swift; sourceTree = "<group>"; };
		8158ACC429CB9449006558AB /* SceneDelegate.swift */ = {isa = PBXFileReference; lastKnownFileType = sourcecode.swift; path = SceneDelegate.swift; sourceTree = "<group>"; };
		8158ACC929CB9449006558AB /* Base */ = {isa = PBXFileReference; lastKnownFileType = file.storyboard; name = Base; path = Base.lproj/Main.storyboard; sourceTree = "<group>"; };
		8158ACCB29CB944B006558AB /* Assets.xcassets */ = {isa = PBXFileReference; lastKnownFileType = folder.assetcatalog; path = Assets.xcassets; sourceTree = "<group>"; };
		8158ACCE29CB944B006558AB /* Base */ = {isa = PBXFileReference; lastKnownFileType = file.storyboard; name = Base; path = Base.lproj/LaunchScreen.storyboard; sourceTree = "<group>"; };
		8158ACD029CB944B006558AB /* Info.plist */ = {isa = PBXFileReference; lastKnownFileType = text.plist.xml; path = Info.plist; sourceTree = "<group>"; };
		81E02C7429CB9A9C005F95AB /* Scavanges.swift */ = {isa = PBXFileReference; lastKnownFileType = sourcecode.swift; path = Scavanges.swift; sourceTree = "<group>"; };
/* End PBXFileReference section */

/* Begin PBXFrameworksBuildPhase section */
		8158ACBC29CB9449006558AB /* Frameworks */ = {
			isa = PBXFrameworksBuildPhase;
			buildActionMask = 2147483647;
			files = (
			);
			runOnlyForDeploymentPostprocessing = 0;
		};
/* End PBXFrameworksBuildPhase section */

/* Begin PBXGroup section */
		8158ACB629CB9449006558AB = {
			isa = PBXGroup;
			children = (
				8158ACC129CB9449006558AB /* Photo Scavenger Hunt */,
				8158ACC029CB9449006558AB /* Products */,
			);
			sourceTree = "<group>";
		};
		8158ACC029CB9449006558AB /* Products */ = {
			isa = PBXGroup;
			children = (
				8158ACBF29CB9449006558AB /* Photo Scavenger Hunt.app */,
			);
			name = Products;
			sourceTree = "<group>";
		};
		8158ACC129CB9449006558AB /* Photo Scavenger Hunt */ = {
			isa = PBXGroup;
			children = (
				8158ACC229CB9449006558AB /* AppDelegate.swift */,
				8158ACC429CB9449006558AB /* SceneDelegate.swift */,
				8158ACD929CB94D7006558AB /* Models */,
				8158ACD829CB94CD006558AB /* Scavenge Detail */,
				8158ACD629CB94A5006558AB /* Scavenge List */,
				8158ACC829CB9449006558AB /* Main.storyboard */,
				8158ACCB29CB944B006558AB /* Assets.xcassets */,
				8158ACCD29CB944B006558AB /* LaunchScreen.storyboard */,
				8158ACD029CB944B006558AB /* Info.plist */,
			);
			path = "Photo Scavenger Hunt";
			sourceTree = "<group>";
		};
		8158ACD629CB94A5006558AB /* Scavenge List */ = {
			isa = PBXGroup;
			children = (
				8101626629CBBF9600EE81EE /* ScavengeListViewController.swift */,
				8101627029CBF71700EE81EE /* ScavengeCell.swift */,
			);
			path = "Scavenge List";
			sourceTree = "<group>";
		};
		8158ACD829CB94CD006558AB /* Scavenge Detail */ = {
			isa = PBXGroup;
			children = (
				8101626829CBDC0C00EE81EE /* ScavengeDetailViewController.swift */,
				8101626C29CBF58A00EE81EE /* ScavengeAnnotationView.swift */,
			);
			path = "Scavenge Detail";
			sourceTree = "<group>";
		};
		8158ACD929CB94D7006558AB /* Models */ = {
			isa = PBXGroup;
			children = (
				81E02C7429CB9A9C005F95AB /* Scavanges.swift */,
			);
			path = Models;
			sourceTree = "<group>";
		};
/* End PBXGroup section */

/* Begin PBXNativeTarget section */
		8158ACBE29CB9449006558AB /* Photo Scavenger Hunt */ = {
			isa = PBXNativeTarget;
			buildConfigurationList = 8158ACD329CB944B006558AB /* Build configuration list for PBXNativeTarget "Photo Scavenger Hunt" */;
			buildPhases = (
				8158ACBB29CB9449006558AB /* Sources */,
				8158ACBC29CB9449006558AB /* Frameworks */,
				8158ACBD29CB9449006558AB /* Resources */,
			);
			buildRules = (
			);
			dependencies = (
			);
			name = "Photo Scavenger Hunt";
			productName = "Photo Scavenger Hunt";
			productReference = 8158ACBF29CB9449006558AB /* Photo Scavenger Hunt.app */;
			productType = "com.apple.product-type.application";
		};
/* End PBXNativeTarget section */

/* Begin PBXProject section */
		8158ACB729CB9449006558AB /* Project object */ = {
			isa = PBXProject;
			attributes = {
				BuildIndependentTargetsInParallel = 1;
				LastSwiftUpdateCheck = 1420;
				LastUpgradeCheck = 1420;
				TargetAttributes = {
					8158ACBE29CB9449006558AB = {
						CreatedOnToolsVersion = 14.2;
					};
				};
			};
			buildConfigurationList = 8158ACBA29CB9449006558AB /* Build configuration list for PBXProject "Photo Scavenger Hunt" */;
			compatibilityVersion = "Xcode 14.0";
			developmentRegion = en;
			hasScannedForEncodings = 0;
			knownRegions = (
				en,
				Base,
			);
			mainGroup = 8158ACB629CB9449006558AB;
			productRefGroup = 8158ACC029CB9449006558AB /* Products */;
			projectDirPath = "";
			projectRoot = "";
			targets = (
				8158ACBE29CB9449006558AB /* Photo Scavenger Hunt */,
			);
		};
/* End PBXProject section */

/* Begin PBXResourcesBuildPhase section */
		8158ACBD29CB9449006558AB /* Resources */ = {
			isa = PBXResourcesBuildPhase;
			buildActionMask = 2147483647;
			files = (
				8158ACCF29CB944B006558AB /* LaunchScreen.storyboard in Resources */,
				8158ACCC29CB944B006558AB /* Assets.xcassets in Resources */,
				8158ACCA29CB9449006558AB /* Main.storyboard in Resources */,
			);
			runOnlyForDeploymentPostprocessing = 0;
		};
/* End PBXResourcesBuildPhase section */

/* Begin PBXSourcesBuildPhase section */
		8158ACBB29CB9449006558AB /* Sources */ = {
			isa = PBXSourcesBuildPhase;
			buildActionMask = 2147483647;
			files = (
				8101626729CBBF9600EE81EE /* ScavengeListViewController.swift in Sources */,
				8101626D29CBF58A00EE81EE /* ScavengeAnnotationView.swift in Sources */,
				8158ACC329CB9449006558AB /* AppDelegate.swift in Sources */,
				8101626929CBDC0C00EE81EE /* ScavengeDetailViewController.swift in Sources */,
				81E02C7529CB9A9C005F95AB /* Scavanges.swift in Sources */,
				8101627129CBF71700EE81EE /* ScavengeCell.swift in Sources */,
				8158ACC529CB9449006558AB /* SceneDelegate.swift in Sources */,
			);
			runOnlyForDeploymentPostprocessing = 0;
		};
/* End PBXSourcesBuildPhase section */

/* Begin PBXVariantGroup section */
		8158ACC829CB9449006558AB /* Main.storyboard */ = {
			isa = PBXVariantGroup;
			children = (
				8158ACC929CB9449006558AB /* Base */,
			);
			name = Main.storyboard;
			sourceTree = "<group>";
		};
		8158ACCD29CB944B006558AB /* LaunchScreen.storyboard */ = {
			isa = PBXVariantGroup;
			children = (
				8158ACCE29CB944B006558AB /* Base */,
			);
			name = LaunchScreen.storyboard;
			sourceTree = "<group>";
		};
/* End PBXVariantGroup section */

/* Begin XCBuildConfiguration section */
		8158ACD129CB944B006558AB /* Debug */ = {
			isa = XCBuildConfiguration;
			buildSettings = {
				ALWAYS_SEARCH_USER_PATHS = NO;
				CLANG_ANALYZER_NONNULL = YES;
				CLANG_ANALYZER_NUMBER_OBJECT_CONVERSION = YES_AGGRESSIVE;
				CLANG_CXX_LANGUAGE_STANDARD = "gnu++20";
				CLANG_ENABLE_MODULES = YES;
				CLANG_ENABLE_OBJC_ARC = YES;
				CLANG_ENABLE_OBJC_WEAK = YES;
				CLANG_WARN_BLOCK_CAPTURE_AUTORELEASING = YES;
				CLANG_WARN_BOOL_CONVERSION = YES;
				CLANG_WARN_COMMA = YES;
				CLANG_WARN_CONSTANT_CONVERSION = YES;
				CLANG_WARN_DEPRECATED_OBJC_IMPLEMENTATIONS = YES;
				CLANG_WARN_DIRECT_OBJC_ISA_USAGE = YES_ERROR;
				CLANG_WARN_DOCUMENTATION_COMMENTS = YES;
				CLANG_WARN_EMPTY_BODY = YES;
				CLANG_WARN_ENUM_CONVERSION = YES;
				CLANG_WARN_INFINITE_RECURSION = YES;
				CLANG_WARN_INT_CONVERSION = YES;
				CLANG_WARN_NON_LITERAL_NULL_CONVERSION = YES;
				CLANG_WARN_OBJC_IMPLICIT_RETAIN_SELF = YES;
				CLANG_WARN_OBJC_LITERAL_CONVERSION = YES;
				CLANG_WARN_OBJC_ROOT_CLASS = YES_ERROR;
				CLANG_WARN_QUOTED_INCLUDE_IN_FRAMEWORK_HEADER = YES;
				CLANG_WARN_RANGE_LOOP_ANALYSIS = YES;
				CLANG_WARN_STRICT_PROTOTYPES = YES;
				CLANG_WARN_SUSPICIOUS_MOVE = YES;
				CLANG_WARN_UNGUARDED_AVAILABILITY = YES_AGGRESSIVE;
				CLANG_WARN_UNREACHABLE_CODE = YES;
				CLANG_WARN__DUPLICATE_METHOD_MATCH = YES;
				COPY_PHASE_STRIP = NO;
				DEBUG_INFORMATION_FORMAT = dwarf;
				ENABLE_STRICT_OBJC_MSGSEND = YES;
				ENABLE_TESTABILITY = YES;
				GCC_C_LANGUAGE_STANDARD = gnu11;
				GCC_DYNAMIC_NO_PIC = NO;
				GCC_NO_COMMON_BLOCKS = YES;
				GCC_OPTIMIZATION_LEVEL = 0;
				GCC_PREPROCESSOR_DEFINITIONS = (
					"DEBUG=1",
					"$(inherited)",
				);
				GCC_WARN_64_TO_32_BIT_CONVERSION = YES;
				GCC_WARN_ABOUT_RETURN_TYPE = YES_ERROR;
				GCC_WARN_UNDECLARED_SELECTOR = YES;
				GCC_WARN_UNINITIALIZED_AUTOS = YES_AGGRESSIVE;
				GCC_WARN_UNUSED_FUNCTION = YES;
				GCC_WARN_UNUSED_VARIABLE = YES;
				IPHONEOS_DEPLOYMENT_TARGET = 16.2;
				MTL_ENABLE_DEBUG_INFO = INCLUDE_SOURCE;
				MTL_FAST_MATH = YES;
				ONLY_ACTIVE_ARCH = YES;
				SDKROOT = iphoneos;
				SWIFT_ACTIVE_COMPILATION_CONDITIONS = DEBUG;
				SWIFT_OPTIMIZATION_LEVEL = "-Onone";
			};
			name = Debug;
		};
		8158ACD229CB944B006558AB /* Release */ = {
			isa = XCBuildConfiguration;
			buildSettings = {
				ALWAYS_SEARCH_USER_PATHS = NO;
				CLANG_ANALYZER_NONNULL = YES;
				CLANG_ANALYZER_NUMBER_OBJECT_CONVERSION = YES_AGGRESSIVE;
				CLANG_CXX_LANGUAGE_STANDARD = "gnu++20";
				CLANG_ENABLE_MODULES = YES;
				CLANG_ENABLE_OBJC_ARC = YES;
				CLANG_ENABLE_OBJC_WEAK = YES;
				CLANG_WARN_BLOCK_CAPTURE_AUTORELEASING = YES;
				CLANG_WARN_BOOL_CONVERSION = YES;
				CLANG_WARN_COMMA = YES;
				CLANG_WARN_CONSTANT_CONVERSION = YES;
				CLANG_WARN_DEPRECATED_OBJC_IMPLEMENTATIONS = YES;
				CLANG_WARN_DIRECT_OBJC_ISA_USAGE = YES_ERROR;
				CLANG_WARN_DOCUMENTATION_COMMENTS = YES;
				CLANG_WARN_EMPTY_BODY = YES;
				CLANG_WARN_ENUM_CONVERSION = YES;
				CLANG_WARN_INFINITE_RECURSION = YES;
				CLANG_WARN_INT_CONVERSION = YES;
				CLANG_WARN_NON_LITERAL_NULL_CONVERSION = YES;
				CLANG_WARN_OBJC_IMPLICIT_RETAIN_SELF = YES;
				CLANG_WARN_OBJC_LITERAL_CONVERSION = YES;
				CLANG_WARN_OBJC_ROOT_CLASS = YES_ERROR;
				CLANG_WARN_QUOTED_INCLUDE_IN_FRAMEWORK_HEADER = YES;
				CLANG_WARN_RANGE_LOOP_ANALYSIS = YES;
				CLANG_WARN_STRICT_PROTOTYPES = YES;
				CLANG_WARN_SUSPICIOUS_MOVE = YES;
				CLANG_WARN_UNGUARDED_AVAILABILITY = YES_AGGRESSIVE;
				CLANG_WARN_UNREACHABLE_CODE = YES;
				CLANG_WARN__DUPLICATE_METHOD_MATCH = YES;
				COPY_PHASE_STRIP = NO;
				DEBUG_INFORMATION_FORMAT = "dwarf-with-dsym";
				ENABLE_NS_ASSERTIONS = NO;
				ENABLE_STRICT_OBJC_MSGSEND = YES;
				GCC_C_LANGUAGE_STANDARD = gnu11;
				GCC_NO_COMMON_BLOCKS = YES;
				GCC_WARN_64_TO_32_BIT_CONVERSION = YES;
				GCC_WARN_ABOUT_RETURN_TYPE = YES_ERROR;
				GCC_WARN_UNDECLARED_SELECTOR = YES;
				GCC_WARN_UNINITIALIZED_AUTOS = YES_AGGRESSIVE;
				GCC_WARN_UNUSED_FUNCTION = YES;
				GCC_WARN_UNUSED_VARIABLE = YES;
				IPHONEOS_DEPLOYMENT_TARGET = 16.2;
				MTL_ENABLE_DEBUG_INFO = NO;
				MTL_FAST_MATH = YES;
				SDKROOT = iphoneos;
				SWIFT_COMPILATION_MODE = wholemodule;
				SWIFT_OPTIMIZATION_LEVEL = "-O";
				VALIDATE_PRODUCT = YES;
			};
			name = Release;
		};
		8158ACD429CB944B006558AB /* Debug */ = {
			isa = XCBuildConfiguration;
			buildSettings = {
				ASSETCATALOG_COMPILER_APPICON_NAME = AppIcon;
				ASSETCATALOG_COMPILER_GLOBAL_ACCENT_COLOR_NAME = AccentColor;
				ASSETCATALOG_COMPILER_INCLUDE_ALL_APPICON_ASSETS = YES;
				CODE_SIGN_STYLE = Automatic;
				CURRENT_PROJECT_VERSION = 1;
				DEVELOPMENT_TEAM = A8RXYA4V5F;
				GENERATE_INFOPLIST_FILE = YES;
				INFOPLIST_FILE = "Photo Scavenger Hunt/Info.plist";
				INFOPLIST_KEY_NSPhotoLibraryUsageDescription = "We need access to your photos in order to add a photo to complete a task";
				INFOPLIST_KEY_UIApplicationSupportsIndirectInputEvents = YES;
				INFOPLIST_KEY_UILaunchStoryboardName = "";
				INFOPLIST_KEY_UIMainStoryboardFile = Main;
				INFOPLIST_KEY_UISupportedInterfaceOrientations_iPad = "UIInterfaceOrientationPortrait UIInterfaceOrientationPortraitUpsideDown UIInterfaceOrientationLandscapeLeft UIInterfaceOrientationLandscapeRight";
				INFOPLIST_KEY_UISupportedInterfaceOrientations_iPhone = "UIInterfaceOrientationPortrait UIInterfaceOrientationLandscapeLeft UIInterfaceOrientationLandscapeRight";
				LD_RUNPATH_SEARCH_PATHS = (
					"$(inherited)",
					"@executable_path/Frameworks",
				);
				MARKETING_VERSION = 1.0;
				PRODUCT_BUNDLE_IDENTIFIER = "JonathanVelez.Photo-Scavenger-Hunt";
				PRODUCT_NAME = "$(TARGET_NAME)";
				SWIFT_EMIT_LOC_STRINGS = YES;
				SWIFT_VERSION = 5.0;
				TARGETED_DEVICE_FAMILY = "1,2";
			};
			name = Debug;
		};
		8158ACD529CB944B006558AB /* Release */ = {
			isa = XCBuildConfiguration;
			buildSettings = {
				ASSETCATALOG_COMPILER_APPICON_NAME = AppIcon;
				ASSETCATALOG_COMPILER_GLOBAL_ACCENT_COLOR_NAME = AccentColor;
				ASSETCATALOG_COMPILER_INCLUDE_ALL_APPICON_ASSETS = YES;
				CODE_SIGN_STYLE = Automatic;
				CURRENT_PROJECT_VERSION = 1;
				DEVELOPMENT_TEAM = A8RXYA4V5F;
				GENERATE_INFOPLIST_FILE = YES;
				INFOPLIST_FILE = "Photo Scavenger Hunt/Info.plist";
				INFOPLIST_KEY_NSPhotoLibraryUsageDescription = "We need access to your photos in order to add a photo to complete a task";
				INFOPLIST_KEY_UIApplicationSupportsIndirectInputEvents = YES;
				INFOPLIST_KEY_UILaunchStoryboardName = "";
				INFOPLIST_KEY_UIMainStoryboardFile = Main;
				INFOPLIST_KEY_UISupportedInterfaceOrientations_iPad = "UIInterfaceOrientationPortrait UIInterfaceOrientationPortraitUpsideDown UIInterfaceOrientationLandscapeLeft UIInterfaceOrientationLandscapeRight";
				INFOPLIST_KEY_UISupportedInterfaceOrientations_iPhone = "UIInterfaceOrientationPortrait UIInterfaceOrientationLandscapeLeft UIInterfaceOrientationLandscapeRight";
				LD_RUNPATH_SEARCH_PATHS = (
					"$(inherited)",
					"@executable_path/Frameworks",
				);
				MARKETING_VERSION = 1.0;
				PRODUCT_BUNDLE_IDENTIFIER = "JonathanVelez.Photo-Scavenger-Hunt";
				PRODUCT_NAME = "$(TARGET_NAME)";
				SWIFT_EMIT_LOC_STRINGS = YES;
				SWIFT_VERSION = 5.0;
				TARGETED_DEVICE_FAMILY = "1,2";
			};
			name = Release;
		};
/* End XCBuildConfiguration section */

/* Begin XCConfigurationList section */
		8158ACBA29CB9449006558AB /* Build configuration list for PBXProject "Photo Scavenger Hunt" */ = {
			isa = XCConfigurationList;
			buildConfigurations = (
				8158ACD129CB944B006558AB /* Debug */,
				8158ACD229CB944B006558AB /* Release */,
			);
			defaultConfigurationIsVisible = 0;
			defaultConfigurationName = Release;
		};
		8158ACD329CB944B006558AB /* Build configuration list for PBXNativeTarget "Photo Scavenger Hunt" */ = {
			isa = XCConfigurationList;
			buildConfigurations = (
				8158ACD429CB944B006558AB /* Debug */,
				8158ACD529CB944B006558AB /* Release */,
			);
			defaultConfigurationIsVisible = 0;
			defaultConfigurationName = Release;
		};
/* End XCConfigurationList section */
	};
	rootObject = 8158ACB729CB9449006558AB /* Project object */;
}
